
Microsoft Visual Studio Solution File, Format Version 12.00
# Visual Studio Version 16
VisualStudioVersion = 16.0.29311.281
MinimumVisualStudioVersion = 10.0.40219.1
Project("{FAE04EC0-301F-11D3-BF4B-00C04F79EFBC}") = "kurssitietokanta", "kurssitietokanta\kurssitietokanta.csproj", "{6CAF603D-3D03-4638-BCC9-4EDA3BC41C5C}"
EndProject
Global
	GlobalSection(SolutionConfigurationPlatforms) = preSolution
		Debug|Any CPU = Debug|Any CPU
		Release|Any CPU = Release|Any CPU
	EndGlobalSection
	GlobalSection(ProjectConfigurationPlatforms) = postSolution
		{6CAF603D-3D03-4638-BCC9-4EDA3BC41C5C}.Debug|Any CPU.ActiveCfg = Debug|Any CPU
		{6CAF603D-3D03-4638-BCC9-4EDA3BC41C5C}.Debug|Any CPU.Build.0 = Debug|Any CPU
		{6CAF603D-3D03-4638-BCC9-4EDA3BC41C5C}.Release|Any CPU.ActiveCfg = Release|Any CPU
		{6CAF603D-3D03-4638-BCC9-4EDA3BC41C5C}.Release|Any CPU.Build.0 = Release|Any CPU
	EndGlobalSection
	GlobalSection(SolutionProperties) = preSolution
		HideSolutionNode = FALSE
	EndGlobalSection
	GlobalSection(ExtensibilityGlobals) = postSolution
		SolutionGuid = {C3E0B8AF-C9F0-420A-ABA5-B0A2F280B4DD}
	EndGlobalSection
EndGlobal
